
Microsoft Visual Studio Solution File, Format Version 12.00
# Visual Studio Version 16
VisualStudioVersion = 16.0.31729.503
MinimumVisualStudioVersion = 10.0.40219.1
Project("{FAE04EC0-301F-11D3-BF4B-00C04F79EFBC}") = "SaferClickByHyak", "SaferClickByHyak.csproj", "{0DBAC368-A7A6-460F-8F6E-F93C36B4687D}"
EndProject
Global
	GlobalSection(SolutionConfigurationPlatforms) = preSolution
		Debug|Any CPU = Debug|Any CPU
		Release|Any CPU = Release|Any CPU
	EndGlobalSection
	GlobalSection(ProjectConfigurationPlatforms) = postSolution
		{0DBAC368-A7A6-460F-8F6E-F93C36B4687D}.Debug|Any CPU.ActiveCfg = Debug|Any CPU
		{0DBAC368-A7A6-460F-8F6E-F93C36B4687D}.Debug|Any CPU.Build.0 = Debug|Any CPU
		{0DBAC368-A7A6-460F-8F6E-F93C36B4687D}.Release|Any CPU.ActiveCfg = Release|Any CPU
		{0DBAC368-A7A6-460F-8F6E-F93C36B4687D}.Release|Any CPU.Build.0 = Release|Any CPU
	EndGlobalSection
	GlobalSection(SolutionProperties) = preSolution
		HideSolutionNode = FALSE
	EndGlobalSection
	GlobalSection(ExtensibilityGlobals) = postSolution
		SolutionGuid = {5ED9BA88-C84E-4CF3-8967-897474A5C709}
	EndGlobalSection
EndGlobal
